
Microsoft Visual Studio Solution File, Format Version 12.00
# Visual Studio Version 17
VisualStudioVersion = 17.0.31903.59
MinimumVisualStudioVersion = 10.0.40219.1
Project("{FAE04EC0-301F-11D3-BF4B-00C04F79EFBC}") = "Sinestify.Data", "Sinestify.Data\Sinestify.Data.csproj", "{F056AE8C-872F-43FA-AA65-7A504478E50D}"
EndProject
Project("{FAE04EC0-301F-11D3-BF4B-00C04F79EFBC}") = "Sinestify.ConsoleApp", "Sinestify.ConsoleApp\Sinestify.ConsoleApp.csproj", "{EA36990A-D4D8-4534-BAB2-D7EDE0F0061B}"
EndProject
Global
	GlobalSection(SolutionConfigurationPlatforms) = preSolution
		Debug|Any CPU = Debug|Any CPU
		Debug|x64 = Debug|x64
		Debug|x86 = Debug|x86
		Release|Any CPU = Release|Any CPU
		Release|x64 = Release|x64
		Release|x86 = Release|x86
	EndGlobalSection
	GlobalSection(ProjectConfigurationPlatforms) = postSolution
		{F056AE8C-872F-43FA-AA65-7A504478E50D}.Debug|Any CPU.ActiveCfg = Debug|Any CPU
		{F056AE8C-872F-43FA-AA65-7A504478E50D}.Debug|Any CPU.Build.0 = Debug|Any CPU
		{F056AE8C-872F-43FA-AA65-7A504478E50D}.Debug|x64.ActiveCfg = Debug|Any CPU
		{F056AE8C-872F-43FA-AA65-7A504478E50D}.Debug|x64.Build.0 = Debug|Any CPU
		{F056AE8C-872F-43FA-AA65-7A504478E50D}.Debug|x86.ActiveCfg = Debug|Any CPU
		{F056AE8C-872F-43FA-AA65-7A504478E50D}.Debug|x86.Build.0 = Debug|Any CPU
		{F056AE8C-872F-43FA-AA65-7A504478E50D}.Release|Any CPU.ActiveCfg = Release|Any CPU
		{F056AE8C-872F-43FA-AA65-7A504478E50D}.Release|Any CPU.Build.0 = Release|Any CPU
		{F056AE8C-872F-43FA-AA65-7A504478E50D}.Release|x64.ActiveCfg = Release|Any CPU
		{F056AE8C-872F-43FA-AA65-7A504478E50D}.Release|x64.Build.0 = Release|Any CPU
		{F056AE8C-872F-43FA-AA65-7A504478E50D}.Release|x86.ActiveCfg = Release|Any CPU
		{F056AE8C-872F-43FA-AA65-7A504478E50D}.Release|x86.Build.0 = Release|Any CPU
		{EA36990A-D4D8-4534-BAB2-D7EDE0F0061B}.Debug|Any CPU.ActiveCfg = Debug|Any CPU
		{EA36990A-D4D8-4534-BAB2-D7EDE0F0061B}.Debug|Any CPU.Build.0 = Debug|Any CPU
		{EA36990A-D4D8-4534-BAB2-D7EDE0F0061B}.Debug|x64.ActiveCfg = Debug|Any CPU
		{EA36990A-D4D8-4534-BAB2-D7EDE0F0061B}.Debug|x64.Build.0 = Debug|Any CPU
		{EA36990A-D4D8-4534-BAB2-D7EDE0F0061B}.Debug|x86.ActiveCfg = Debug|Any CPU
		{EA36990A-D4D8-4534-BAB2-D7EDE0F0061B}.Debug|x86.Build.0 = Debug|Any CPU
		{EA36990A-D4D8-4534-BAB2-D7EDE0F0061B}.Release|Any CPU.ActiveCfg = Release|Any CPU
		{EA36990A-D4D8-4534-BAB2-D7EDE0F0061B}.Release|Any CPU.Build.0 = Release|Any CPU
		{EA36990A-D4D8-4534-BAB2-D7EDE0F0061B}.Release|x64.ActiveCfg = Release|Any CPU
		{EA36990A-D4D8-4534-BAB2-D7EDE0F0061B}.Release|x64.Build.0 = Release|Any CPU
		{EA36990A-D4D8-4534-BAB2-D7EDE0F0061B}.Release|x86.ActiveCfg = Release|Any CPU
		{EA36990A-D4D8-4534-BAB2-D7EDE0F0061B}.Release|x86.Build.0 = Release|Any CPU
	EndGlobalSection
	GlobalSection(SolutionProperties) = preSolution
		HideSolutionNode = FALSE
	EndGlobalSection
EndGlobal
